# Generated by pub
# See https://www.dartlang.org/tools/pub/glossary#lockfile
packages:
  meta:
    dependency: "direct main"
    description:
      name: meta
      url: "https://pub.dartlang.org"
    source: hosted
    version: "1.1.5"
  rxdart:
    dependency: "direct main"
    description:
      name: rxdart
      url: "https://pub.dartlang.org"
    source: hosted
    version: "0.17.0"
sdks:
  dart: ">=2.0.0-dev <=2.0.0-dev.59.0"
